
Microsoft Visual Studio Solution File, Format Version 12.00
# Visual Studio Version 17
VisualStudioVersion = 17.11.35222.181
MinimumVisualStudioVersion = 10.0.40219.1
Project("{FAE04EC0-301F-11D3-BF4B-00C04F79EFBC}") = "ELMS.API", "ELMS.API\ELMS.API.csproj", "{FA313008-0A24-48D1-93AD-4DCCBC3F01B4}"
EndProject
Global
	GlobalSection(SolutionConfigurationPlatforms) = preSolution
		Debug|Any CPU = Debug|Any CPU
		Release|Any CPU = Release|Any CPU
	EndGlobalSection
	GlobalSection(ProjectConfigurationPlatforms) = postSolution
		{FA313008-0A24-48D1-93AD-4DCCBC3F01B4}.Debug|Any CPU.ActiveCfg = Debug|Any CPU
		{FA313008-0A24-48D1-93AD-4DCCBC3F01B4}.Debug|Any CPU.Build.0 = Debug|Any CPU
		{FA313008-0A24-48D1-93AD-4DCCBC3F01B4}.Release|Any CPU.ActiveCfg = Release|Any CPU
		{FA313008-0A24-48D1-93AD-4DCCBC3F01B4}.Release|Any CPU.Build.0 = Release|Any CPU
	EndGlobalSection
	GlobalSection(SolutionProperties) = preSolution
		HideSolutionNode = FALSE
	EndGlobalSection
	GlobalSection(ExtensibilityGlobals) = postSolution
		SolutionGuid = {1F89BB4F-3AE4-4B70-9929-1CB600C62817}
	EndGlobalSection
EndGlobal
